
Microsoft Visual Studio Solution File, Format Version 12.00
# Visual Studio Version 16
VisualStudioVersion = 16.0.28809.33
MinimumVisualStudioVersion = 10.0.40219.1
Project("{FAE04EC0-301F-11D3-BF4B-00C04F79EFBC}") = "SwedishCoordinates.DotNetCore", "SwedishCoordinates.DotNetCore\SwedishCoordinates.DotNetCore.csproj", "{9805ACB9-B6D4-44A9-90B4-631B4243B16A}"
EndProject
Project("{FAE04EC0-301F-11D3-BF4B-00C04F79EFBC}") = "SwedishCoordinates.DotNetCore.Tests", "SwedishCoordinates.DotNetCore.Tests\SwedishCoordinates.DotNetCore.Tests.csproj", "{9B1662C4-8DA3-4BDA-8E70-9CFF11C98CB4}"
EndProject
Global
	GlobalSection(SolutionConfigurationPlatforms) = preSolution
		Debug|Any CPU = Debug|Any CPU
		Release|Any CPU = Release|Any CPU
	EndGlobalSection
	GlobalSection(ProjectConfigurationPlatforms) = postSolution
		{9805ACB9-B6D4-44A9-90B4-631B4243B16A}.Debug|Any CPU.ActiveCfg = Debug|Any CPU
		{9805ACB9-B6D4-44A9-90B4-631B4243B16A}.Debug|Any CPU.Build.0 = Debug|Any CPU
		{9805ACB9-B6D4-44A9-90B4-631B4243B16A}.Release|Any CPU.ActiveCfg = Release|Any CPU
		{9805ACB9-B6D4-44A9-90B4-631B4243B16A}.Release|Any CPU.Build.0 = Release|Any CPU
		{9B1662C4-8DA3-4BDA-8E70-9CFF11C98CB4}.Debug|Any CPU.ActiveCfg = Debug|Any CPU
		{9B1662C4-8DA3-4BDA-8E70-9CFF11C98CB4}.Debug|Any CPU.Build.0 = Debug|Any CPU
		{9B1662C4-8DA3-4BDA-8E70-9CFF11C98CB4}.Release|Any CPU.ActiveCfg = Release|Any CPU
		{9B1662C4-8DA3-4BDA-8E70-9CFF11C98CB4}.Release|Any CPU.Build.0 = Release|Any CPU
	EndGlobalSection
	GlobalSection(SolutionProperties) = preSolution
		HideSolutionNode = FALSE
	EndGlobalSection
	GlobalSection(ExtensibilityGlobals) = postSolution
		SolutionGuid = {77367814-7B20-4017-B2F7-B584D316CAF7}
	EndGlobalSection
EndGlobal
